
Microsoft Visual Studio Solution File, Format Version 12.00
# Visual Studio Version 17
VisualStudioVersion = 17.7.34031.279
MinimumVisualStudioVersion = 10.0.40219.1
Project("{9A19103F-16F7-4668-BE54-9A1E7A4F7556}") = "AV00-Shared", "AV00-Shared\AV00-Shared.csproj", "{A2CE751A-7F23-4A20-B89D-9D1ED596DBFF}"
EndProject
Project("{FAE04EC0-301F-11D3-BF4B-00C04F79EFBC}") = "AV00-Shared-Tests", "AV00-Shared-Tests\AV00-Shared-Tests.csproj", "{4282338D-5EDF-4324-8D46-085E1558E639}"
EndProject
Global
	GlobalSection(SolutionConfigurationPlatforms) = preSolution
		Debug|Any CPU = Debug|Any CPU
		Release|Any CPU = Release|Any CPU
	EndGlobalSection
	GlobalSection(ProjectConfigurationPlatforms) = postSolution
		{A2CE751A-7F23-4A20-B89D-9D1ED596DBFF}.Debug|Any CPU.ActiveCfg = Debug|Any CPU
		{A2CE751A-7F23-4A20-B89D-9D1ED596DBFF}.Debug|Any CPU.Build.0 = Debug|Any CPU
		{A2CE751A-7F23-4A20-B89D-9D1ED596DBFF}.Release|Any CPU.ActiveCfg = Release|Any CPU
		{A2CE751A-7F23-4A20-B89D-9D1ED596DBFF}.Release|Any CPU.Build.0 = Release|Any CPU
		{4282338D-5EDF-4324-8D46-085E1558E639}.Debug|Any CPU.ActiveCfg = Debug|Any CPU
		{4282338D-5EDF-4324-8D46-085E1558E639}.Debug|Any CPU.Build.0 = Debug|Any CPU
		{4282338D-5EDF-4324-8D46-085E1558E639}.Release|Any CPU.ActiveCfg = Release|Any CPU
		{4282338D-5EDF-4324-8D46-085E1558E639}.Release|Any CPU.Build.0 = Release|Any CPU
	EndGlobalSection
	GlobalSection(SolutionProperties) = preSolution
		HideSolutionNode = FALSE
	EndGlobalSection
	GlobalSection(ExtensibilityGlobals) = postSolution
		SolutionGuid = {7E1C7488-7F12-4B63-AED1-362732D95E6B}
	EndGlobalSection
EndGlobal
